lockfileVersion: '9.0'

settings:
  autoInstallPeers: true
  excludeLinksFromLockfile: false

importers:

  .:
    devDependencies:
      turbo:
        specifier: latest
        version: 2.8.14
      typescript:
        specifier: ^5.7.0
        version: 5.9.3

packages:

  turbo-darwin-64@2.8.14:
    resolution: {integrity: sha512-9sFi7n2lLfEsGWi5OEoA/eTtQU2BPKtzSYKqufMtDeRmqMT9vKjbv9gJCRkllSVE9BOXA0qXC3diyX8V8rKIKw==}
    cpu: [x64]
    os: [darwin]

  turbo-darwin-arm64@2.8.14:
    resolution: {integrity: sha512-aS4yJuy6A1PCLws+PJpZP0qCURG8Y5iVx13z/WAbKyeDTY6W6PiGgcEllSaeLGxyn++382ztN/EZH85n2zZ6VQ==}
    cpu: [arm64]
    os: [darwin]

  turbo-linux-64@2.8.14:
    resolution: {integrity: sha512-XC6wPUDJkakjhNLaS0NrHDMiujRVjH+naEAwvKLArgqRaFkNxjmyNDRM4eu3soMMFmjym6NTxYaF74rvET+Orw==}
    cpu: [x64]
    os: [linux]

  turbo-linux-arm64@2.8.14:
    resolution: {integrity: sha512-ChfE7isyVNjZrVSPDwcfqcHLG/FuIBbOFxnt1FM8vSuBGzHAs8AlTdwFNIxlEMJfZ8Ad9mdMxdmsCUPIWiQ6cg==}
    cpu: [arm64]
    os: [linux]

  turbo-windows-64@2.8.14:
    resolution: {integrity: sha512-FTbIeQL1ycLFW2t9uQNMy+bRSzi3Xhwun/e7ZhFBdM+U0VZxxrtfYEBM9CHOejlfqomk6Jh7aRz0sJoqYn39Hg==}
    cpu: [x64]
    os: [win32]

  turbo-windows-arm64@2.8.14:
    resolution: {integrity: sha512-KgZX12cTyhY030qS7ieT8zRkhZZE2VWJasDFVUSVVn17nR7IShpv68/7j5UqJNeRLIGF1XPK0phsP5V5yw3how==}
    cpu: [arm64]
    os: [win32]

  turbo@2.8.14:
    resolution: {integrity: sha512-UCTxeMNYT1cKaHiIFdLCQ7ulI+jw5i5uOnJOrRXsgUD7G3+OjlUjwVd7JfeVt2McWSVGjYA3EVW/v1FSsJ5DtA==}
    hasBin: true

  typescript@5.9.3:
    resolution: {integrity: sha512-jl1vZzPDinLr9eUt3J/t7V6FgNEw9QjvBPdysz9KfQDD41fQrC2Y4vKQdiaUpFT4bXlb1RHhLpp8wtm6M5TgSw==}
    engines: {node: '>=14.17'}
    hasBin: true

snapshots:

  turbo-darwin-64@2.8.14:
    optional: true

  turbo-darwin-arm64@2.8.14:
    optional: true

  turbo-linux-64@2.8.14:
    optional: true

  turbo-linux-arm64@2.8.14:
    optional: true

  turbo-windows-64@2.8.14:
    optional: true

  turbo-windows-arm64@2.8.14:
    optional: true

  turbo@2.8.14:
    optionalDependencies:
      turbo-darwin-64: 2.8.14
      turbo-darwin-arm64: 2.8.14
      turbo-linux-64: 2.8.14
      turbo-linux-arm64: 2.8.14
      turbo-windows-64: 2.8.14
      turbo-windows-arm64: 2.8.14

  typescript@5.9.3: {}
